
Microsoft Visual Studio Solution File, Format Version 12.00
# Visual Studio 14
VisualStudioVersion = 14.0.25420.1
MinimumVisualStudioVersion = 10.0.40219.1
Project("{FAE04EC0-301F-11D3-BF4B-00C04F79EFBC}") = "SearchEngine", "SearchEngine\SearchEngine.csproj", "{11DF8422-58D5-4C8F-8FBF-FF04304029B5}"
EndProject
Project("{FAE04EC0-301F-11D3-BF4B-00C04F79EFBC}") = "SearchEngine.Tests", "SearchEngine.Tests\SearchEngine.Tests.csproj", "{4D297030-DAA4-4788-B0C7-D4150D839114}"
EndProject
Global
	GlobalSection(SolutionConfigurationPlatforms) = preSolution
		Debug|Any CPU = Debug|Any CPU
		Release|Any CPU = Release|Any CPU
	EndGlobalSection
	GlobalSection(ProjectConfigurationPlatforms) = postSolution
		{11DF8422-58D5-4C8F-8FBF-FF04304029B5}.Debug|Any CPU.ActiveCfg = Debug|Any CPU
		{11DF8422-58D5-4C8F-8FBF-FF04304029B5}.Debug|Any CPU.Build.0 = Debug|Any CPU
		{11DF8422-58D5-4C8F-8FBF-FF04304029B5}.Release|Any CPU.ActiveCfg = Release|Any CPU
		{11DF8422-58D5-4C8F-8FBF-FF04304029B5}.Release|Any CPU.Build.0 = Release|Any CPU
		{4D297030-DAA4-4788-B0C7-D4150D839114}.Debug|Any CPU.ActiveCfg = Debug|Any CPU
		{4D297030-DAA4-4788-B0C7-D4150D839114}.Debug|Any CPU.Build.0 = Debug|Any CPU
		{4D297030-DAA4-4788-B0C7-D4150D839114}.Release|Any CPU.ActiveCfg = Release|Any CPU
		{4D297030-DAA4-4788-B0C7-D4150D839114}.Release|Any CPU.Build.0 = Release|Any CPU
	EndGlobalSection
	GlobalSection(SolutionProperties) = preSolution
		HideSolutionNode = FALSE
	EndGlobalSection
EndGlobal
