
Microsoft Visual Studio Solution File, Format Version 12.00
# Visual Studio 14
VisualStudioVersion = 14.0.25420.1
MinimumVisualStudioVersion = 10.0.40219.1
Project("{FAE04EC0-301F-11D3-BF4B-00C04F79EFBC}") = "SearchEngine", "SearchEngine\SearchEngine.csproj", "{11DF8422-58D5-4C8F-8FBF-FF04304029B5}"
EndProject
Project("{FAE04EC0-301F-11D3-BF4B-00C04F79EFBC}") = "SearchEngine.Tests", "SearchEngine.Tests\SearchEngine.Tests.csproj", "{4D297030-DAA4-4788-B0C7-D4150D839114}"
EndProject
Project("{FAE04EC0-301F-11D3-BF4B-00C04F79EFBC}") = "SearchEngine.MemoryStore", "SearchEngine.MemoryStore\SearchEngine.MemoryStore.csproj", "{F16E264E-767E-426A-8A3A-6789329C416F}"
EndProject
Project("{FAE04EC0-301F-11D3-BF4B-00C04F79EFBC}") = "SearchEngine.Analysis", "SearchEngine.Analysis\SearchEngine.Analysis.csproj", "{92135ACC-D18B-4C97-93E5-F37689ECD771}"
EndProject
Project("{FAE04EC0-301F-11D3-BF4B-00C04F79EFBC}") = "DirectoryIndexer", "DirectoryIndexer\DirectoryIndexer.csproj", "{BDD54B18-2B04-46B9-96CA-0D207CA1E1B0}"
EndProject
Project("{FAE04EC0-301F-11D3-BF4B-00C04F79EFBC}") = "DirectoryIndexer.Tests", "DirectoryIndexer.Tests\DirectoryIndexer.Tests.csproj", "{AD043809-C2A0-40FA-8CA8-A74ACA8FEEFB}"
EndProject
Project("{FAE04EC0-301F-11D3-BF4B-00C04F79EFBC}") = "DirectoryIndexerApp", "DirectoryIndexerApp\DirectoryIndexerApp.csproj", "{CF56D497-C8DA-40EF-9E6A-D362D90FA409}"
EndProject
Global
	GlobalSection(SolutionConfigurationPlatforms) = preSolution
		Debug|Any CPU = Debug|Any CPU
		Release|Any CPU = Release|Any CPU
	EndGlobalSection
	GlobalSection(ProjectConfigurationPlatforms) = postSolution
		{11DF8422-58D5-4C8F-8FBF-FF04304029B5}.Debug|Any CPU.ActiveCfg = Debug|Any CPU
		{11DF8422-58D5-4C8F-8FBF-FF04304029B5}.Debug|Any CPU.Build.0 = Debug|Any CPU
		{11DF8422-58D5-4C8F-8FBF-FF04304029B5}.Release|Any CPU.ActiveCfg = Release|Any CPU
		{11DF8422-58D5-4C8F-8FBF-FF04304029B5}.Release|Any CPU.Build.0 = Release|Any CPU
		{4D297030-DAA4-4788-B0C7-D4150D839114}.Debug|Any CPU.ActiveCfg = Debug|Any CPU
		{4D297030-DAA4-4788-B0C7-D4150D839114}.Debug|Any CPU.Build.0 = Debug|Any CPU
		{4D297030-DAA4-4788-B0C7-D4150D839114}.Release|Any CPU.ActiveCfg = Release|Any CPU
		{4D297030-DAA4-4788-B0C7-D4150D839114}.Release|Any CPU.Build.0 = Release|Any CPU
		{F16E264E-767E-426A-8A3A-6789329C416F}.Debug|Any CPU.ActiveCfg = Debug|Any CPU
		{F16E264E-767E-426A-8A3A-6789329C416F}.Debug|Any CPU.Build.0 = Debug|Any CPU
		{F16E264E-767E-426A-8A3A-6789329C416F}.Release|Any CPU.ActiveCfg = Release|Any CPU
		{F16E264E-767E-426A-8A3A-6789329C416F}.Release|Any CPU.Build.0 = Release|Any CPU
		{92135ACC-D18B-4C97-93E5-F37689ECD771}.Debug|Any CPU.ActiveCfg = Debug|Any CPU
		{92135ACC-D18B-4C97-93E5-F37689ECD771}.Debug|Any CPU.Build.0 = Debug|Any CPU
		{92135ACC-D18B-4C97-93E5-F37689ECD771}.Release|Any CPU.ActiveCfg = Release|Any CPU
		{92135ACC-D18B-4C97-93E5-F37689ECD771}.Release|Any CPU.Build.0 = Release|Any CPU
		{BDD54B18-2B04-46B9-96CA-0D207CA1E1B0}.Debug|Any CPU.ActiveCfg = Debug|Any CPU
		{BDD54B18-2B04-46B9-96CA-0D207CA1E1B0}.Debug|Any CPU.Build.0 = Debug|Any CPU
		{BDD54B18-2B04-46B9-96CA-0D207CA1E1B0}.Release|Any CPU.ActiveCfg = Release|Any CPU
		{BDD54B18-2B04-46B9-96CA-0D207CA1E1B0}.Release|Any CPU.Build.0 = Release|Any CPU
		{AD043809-C2A0-40FA-8CA8-A74ACA8FEEFB}.Debug|Any CPU.ActiveCfg = Debug|Any CPU
		{AD043809-C2A0-40FA-8CA8-A74ACA8FEEFB}.Debug|Any CPU.Build.0 = Debug|Any CPU
		{AD043809-C2A0-40FA-8CA8-A74ACA8FEEFB}.Release|Any CPU.ActiveCfg = Release|Any CPU
		{AD043809-C2A0-40FA-8CA8-A74ACA8FEEFB}.Release|Any CPU.Build.0 = Release|Any CPU
		{CF56D497-C8DA-40EF-9E6A-D362D90FA409}.Debug|Any CPU.ActiveCfg = Debug|Any CPU
		{CF56D497-C8DA-40EF-9E6A-D362D90FA409}.Debug|Any CPU.Build.0 = Debug|Any CPU
		{CF56D497-C8DA-40EF-9E6A-D362D90FA409}.Release|Any CPU.ActiveCfg = Release|Any CPU
		{CF56D497-C8DA-40EF-9E6A-D362D90FA409}.Release|Any CPU.Build.0 = Release|Any CPU
	EndGlobalSection
	GlobalSection(SolutionProperties) = preSolution
		HideSolutionNode = FALSE
	EndGlobalSection
EndGlobal
